Microsoft Visual Studio Solution File, Format Version 12.00
# Visual Studio Version 17
VisualStudioVersion = 17.5.2.0
MinimumVisualStudioVersion = 10.0.40219.1
Project("{FAE04EC0-301F-11D3-BF4B-00C04F79EFBC}") = "MyPaginationAPI", "MyPaginationAPI.csproj", "{DFE9A999-8F30-C475-65A6-9C65B4D14A78}"
EndProject
Global
	GlobalSection(SolutionConfigurationPlatforms) = preSolution
		Debug|Any CPU = Debug|Any CPU
		Release|Any CPU = Release|Any CPU
	EndGlobalSection
	GlobalSection(ProjectConfigurationPlatforms) = postSolution
		{DFE9A999-8F30-C475-65A6-9C65B4D14A78}.Debug|Any CPU.ActiveCfg = Debug|Any CPU
		{DFE9A999-8F30-C475-65A6-9C65B4D14A78}.Debug|Any CPU.Build.0 = Debug|Any CPU
		{DFE9A999-8F30-C475-65A6-9C65B4D14A78}.Release|Any CPU.ActiveCfg = Release|Any CPU
		{DFE9A999-8F30-C475-65A6-9C65B4D14A78}.Release|Any CPU.Build.0 = Release|Any CPU
	EndGlobalSection
	GlobalSection(SolutionProperties) = preSolution
		HideSolutionNode = FALSE
	EndGlobalSection
	GlobalSection(ExtensibilityGlobals) = postSolution
		SolutionGuid = {A9AA581D-ED26-46CE-9958-115D198006D9}
	EndGlobalSection
EndGlobal
